{
  "lockfileVersion": 1,
  "dependencies": {
    "sass": {
      "version": "1.0.0-beta.5.3",
      "resolved": "https://registry.npmjs.org/sass/-/sass-1.0.0-beta.5.3.tgz",
      "integrity": "sha512-iZ2fsJ63T45nFhnnBz6P4qV3pjcIBfzco/jg0kq9RvMzOxuzDGhuaZMexCaiWwIPqDxkFXfQ7KJpSrZmz4IVxg=="
    }
  }
}
